
Microsoft Visual Studio Solution File, Format Version 12.00
# Visual Studio Version 17
VisualStudioVersion = 17.5.002.0
MinimumVisualStudioVersion = 10.0.40219.1
Project("{2150E333-8FDC-42A3-9474-1A3956D46DE8}") = "docs", "docs", "{0C15C7AC-AE72-413A-BF84-88D94C4B1C1A}"
EndProject
Project("{9A19103F-16F7-4668-BE54-9A1E7A4F7556}") = "DotnetDoc", "docs\DotnetDoc\DotnetDoc.csproj", "{58EB25AA-EB36-4DEC-8D7A-13FCB847574E}"
EndProject
Project("{9A19103F-16F7-4668-BE54-9A1E7A4F7556}") = "DotnetDoc.App", "docs\DotnetDoc.App\DotnetDoc.App.csproj", "{B31D6282-3DC6-49C9-9619-87888CE13D0A}"
EndProject
Project("{9A19103F-16F7-4668-BE54-9A1E7A4F7556}") = "DotnetDoc.Common", "docs\DotnetDoc.Common\DotnetDoc.Common.csproj", "{D33FB506-65BF-4575-8C27-B67D57D98D70}"
EndProject
Project("{9A19103F-16F7-4668-BE54-9A1E7A4F7556}") = "DotnetDoc.CSharp", "docs\DotnetDoc.CSharp\DotnetDoc.CSharp.csproj", "{FBB52908-A00C-4B03-A98D-22844A332F4D}"
EndProject
Project("{9A19103F-16F7-4668-BE54-9A1E7A4F7556}") = "DotnetDoc.VisualBasic", "docs\DotnetDoc.VisualBasic\DotnetDoc.VisualBasic.csproj", "{48B5FCE2-9B12-4FB2-8772-3593FD4FC67D}"
EndProject
Project("{2150E333-8FDC-42A3-9474-1A3956D46DE8}") = "impl", "impl", "{7DB494BF-0490-4A59-A7C0-70F309E78BBB}"
EndProject
Project("{9A19103F-16F7-4668-BE54-9A1E7A4F7556}") = "AslHelp.Basic", "impl\AslHelp.Basic\AslHelp.Basic.csproj", "{86D5EF82-26FC-4A04-8301-20D2331AB6EC}"
EndProject
Project("{9A19103F-16F7-4668-BE54-9A1E7A4F7556}") = "AslHelp.ClickteamFusion", "impl\AslHelp.ClickteamFusion\AslHelp.ClickteamFusion.csproj", "{014FD947-009B-4579-A491-203C9A481697}"
EndProject
Project("{9A19103F-16F7-4668-BE54-9A1E7A4F7556}") = "AslHelp.Emu", "impl\AslHelp.Emu\AslHelp.Emu.csproj", "{C309F4DB-8D85-4D80-A7DF-D74CB7CDED4C}"
EndProject
Project("{9A19103F-16F7-4668-BE54-9A1E7A4F7556}") = "AslHelp.GameMaker", "impl\AslHelp.GameMaker\AslHelp.GameMaker.csproj", "{0FE9612F-A239-4440-AF05-43D177470C37}"
EndProject
Project("{9A19103F-16F7-4668-BE54-9A1E7A4F7556}") = "AslHelp.Unity", "impl\AslHelp.Unity\AslHelp.Unity.csproj", "{3E232185-C726-4998-8F38-B1AB8E54BCC4}"
EndProject
Project("{9A19103F-16F7-4668-BE54-9A1E7A4F7556}") = "AslHelp.Unreal", "impl\AslHelp.Unreal\AslHelp.Unreal.csproj", "{FBE49F71-EF71-48AB-AA95-671DAE241D9E}"
EndProject
Project("{2150E333-8FDC-42A3-9474-1A3956D46DE8}") = "src", "src", "{32D38AF1-B637-4DC5-AA35-3200FAACD8C4}"
EndProject
Project("{9A19103F-16F7-4668-BE54-9A1E7A4F7556}") = "AslHelp.Build", "src\AslHelp.Build\AslHelp.Build.csproj", "{5C013CA1-4A7C-4DA7-8DF5-92276029E6EE}"
EndProject
Project("{9A19103F-16F7-4668-BE54-9A1E7A4F7556}") = "AslHelp.Collections", "src\AslHelp.Collections\AslHelp.Collections.csproj", "{0C0FAB48-4088-4A03-AF8B-CA29FBAD977E}"
EndProject
Project("{9A19103F-16F7-4668-BE54-9A1E7A4F7556}") = "AslHelp.Common", "src\AslHelp.Common\AslHelp.Common.csproj", "{4B043EC9-44F9-410A-AD16-1B54FC5B8EB6}"
EndProject
Project("{9A19103F-16F7-4668-BE54-9A1E7A4F7556}") = "AslHelp.Diagnostics", "src\AslHelp.Diagnostics\AslHelp.Diagnostics.csproj", "{E28FB0EB-D891-4DFE-BF9D-4B2AF0D6F667}"
EndProject
Project("{9A19103F-16F7-4668-BE54-9A1E7A4F7556}") = "AslHelp.IO", "src\AslHelp.IO\AslHelp.IO.csproj", "{C0F1F177-4257-43BA-BD55-D69E57098419}"
EndProject
Project("{9A19103F-16F7-4668-BE54-9A1E7A4F7556}") = "AslHelp.LiveSplit", "src\AslHelp.LiveSplit\AslHelp.LiveSplit.csproj", "{2F574371-5460-4C15-AC5C-98B880B3679F}"
EndProject
Project("{9A19103F-16F7-4668-BE54-9A1E7A4F7556}") = "AslHelp.Memory", "src\AslHelp.Memory\AslHelp.Memory.csproj", "{2FE7B621-2252-41E2-967B-8A5F4BE5165F}"
EndProject
Project("{2150E333-8FDC-42A3-9474-1A3956D46DE8}") = "test", "test", "{21644E16-F8B8-45EB-84E0-29B40C5FE8D0}"
EndProject
Project("{9A19103F-16F7-4668-BE54-9A1E7A4F7556}") = "AslHelp.Memory.UnitTests", "test\AslHelp.Memory.UnitTests\AslHelp.Memory.UnitTests.csproj", "{7227CCD6-3DED-4FE8-B6F3-D104677E5025}"
EndProject
Global
	GlobalSection(SolutionConfigurationPlatforms) = preSolution
		Debug|Any CPU = Debug|Any CPU
		Release|Any CPU = Release|Any CPU
	EndGlobalSection
	GlobalSection(ProjectConfigurationPlatforms) = postSolution
		{58EB25AA-EB36-4DEC-8D7A-13FCB847574E}.Debug|Any CPU.ActiveCfg = Debug|Any CPU
		{58EB25AA-EB36-4DEC-8D7A-13FCB847574E}.Debug|Any CPU.Build.0 = Debug|Any CPU
		{58EB25AA-EB36-4DEC-8D7A-13FCB847574E}.Release|Any CPU.ActiveCfg = Release|Any CPU
		{58EB25AA-EB36-4DEC-8D7A-13FCB847574E}.Release|Any CPU.Build.0 = Release|Any CPU
		{B31D6282-3DC6-49C9-9619-87888CE13D0A}.Debug|Any CPU.ActiveCfg = Debug|Any CPU
		{B31D6282-3DC6-49C9-9619-87888CE13D0A}.Debug|Any CPU.Build.0 = Debug|Any CPU
		{B31D6282-3DC6-49C9-9619-87888CE13D0A}.Release|Any CPU.ActiveCfg = Release|Any CPU
		{B31D6282-3DC6-49C9-9619-87888CE13D0A}.Release|Any CPU.Build.0 = Release|Any CPU
		{D33FB506-65BF-4575-8C27-B67D57D98D70}.Debug|Any CPU.ActiveCfg = Debug|Any CPU
		{D33FB506-65BF-4575-8C27-B67D57D98D70}.Debug|Any CPU.Build.0 = Debug|Any CPU
		{D33FB506-65BF-4575-8C27-B67D57D98D70}.Release|Any CPU.ActiveCfg = Release|Any CPU
		{D33FB506-65BF-4575-8C27-B67D57D98D70}.Release|Any CPU.Build.0 = Release|Any CPU
		{FBB52908-A00C-4B03-A98D-22844A332F4D}.Debug|Any CPU.ActiveCfg = Debug|Any CPU
		{FBB52908-A00C-4B03-A98D-22844A332F4D}.Debug|Any CPU.Build.0 = Debug|Any CPU
		{FBB52908-A00C-4B03-A98D-22844A332F4D}.Release|Any CPU.ActiveCfg = Release|Any CPU
		{FBB52908-A00C-4B03-A98D-22844A332F4D}.Release|Any CPU.Build.0 = Release|Any CPU
		{48B5FCE2-9B12-4FB2-8772-3593FD4FC67D}.Debug|Any CPU.ActiveCfg = Debug|Any CPU
		{48B5FCE2-9B12-4FB2-8772-3593FD4FC67D}.Debug|Any CPU.Build.0 = Debug|Any CPU
		{48B5FCE2-9B12-4FB2-8772-3593FD4FC67D}.Release|Any CPU.ActiveCfg = Release|Any CPU
		{48B5FCE2-9B12-4FB2-8772-3593FD4FC67D}.Release|Any CPU.Build.0 = Release|Any CPU
		{86D5EF82-26FC-4A04-8301-20D2331AB6EC}.Debug|Any CPU.ActiveCfg = Debug|Any CPU
		{86D5EF82-26FC-4A04-8301-20D2331AB6EC}.Debug|Any CPU.Build.0 = Debug|Any CPU
		{86D5EF82-26FC-4A04-8301-20D2331AB6EC}.Release|Any CPU.ActiveCfg = Release|Any CPU
		{86D5EF82-26FC-4A04-8301-20D2331AB6EC}.Release|Any CPU.Build.0 = Release|Any CPU
		{014FD947-009B-4579-A491-203C9A481697}.Debug|Any CPU.ActiveCfg = Debug|Any CPU
		{014FD947-009B-4579-A491-203C9A481697}.Debug|Any CPU.Build.0 = Debug|Any CPU
		{014FD947-009B-4579-A491-203C9A481697}.Release|Any CPU.ActiveCfg = Release|Any CPU
		{014FD947-009B-4579-A491-203C9A481697}.Release|Any CPU.Build.0 = Release|Any CPU
		{C309F4DB-8D85-4D80-A7DF-D74CB7CDED4C}.Debug|Any CPU.ActiveCfg = Debug|Any CPU
		{C309F4DB-8D85-4D80-A7DF-D74CB7CDED4C}.Debug|Any CPU.Build.0 = Debug|Any CPU
		{C309F4DB-8D85-4D80-A7DF-D74CB7CDED4C}.Release|Any CPU.ActiveCfg = Release|Any CPU
		{C309F4DB-8D85-4D80-A7DF-D74CB7CDED4C}.Release|Any CPU.Build.0 = Release|Any CPU
		{0FE9612F-A239-4440-AF05-43D177470C37}.Debug|Any CPU.ActiveCfg = Debug|Any CPU
		{0FE9612F-A239-4440-AF05-43D177470C37}.Debug|Any CPU.Build.0 = Debug|Any CPU
		{0FE9612F-A239-4440-AF05-43D177470C37}.Release|Any CPU.ActiveCfg = Release|Any CPU
		{0FE9612F-A239-4440-AF05-43D177470C37}.Release|Any CPU.Build.0 = Release|Any CPU
		{3E232185-C726-4998-8F38-B1AB8E54BCC4}.Debug|Any CPU.ActiveCfg = Debug|Any CPU
		{3E232185-C726-4998-8F38-B1AB8E54BCC4}.Debug|Any CPU.Build.0 = Debug|Any CPU
		{3E232185-C726-4998-8F38-B1AB8E54BCC4}.Release|Any CPU.ActiveCfg = Release|Any CPU
		{3E232185-C726-4998-8F38-B1AB8E54BCC4}.Release|Any CPU.Build.0 = Release|Any CPU
		{FBE49F71-EF71-48AB-AA95-671DAE241D9E}.Debug|Any CPU.ActiveCfg = Debug|Any CPU
		{FBE49F71-EF71-48AB-AA95-671DAE241D9E}.Debug|Any CPU.Build.0 = Debug|Any CPU
		{FBE49F71-EF71-48AB-AA95-671DAE241D9E}.Release|Any CPU.ActiveCfg = Release|Any CPU
		{FBE49F71-EF71-48AB-AA95-671DAE241D9E}.Release|Any CPU.Build.0 = Release|Any CPU
		{5C013CA1-4A7C-4DA7-8DF5-92276029E6EE}.Debug|Any CPU.ActiveCfg = Debug|Any CPU
		{5C013CA1-4A7C-4DA7-8DF5-92276029E6EE}.Debug|Any CPU.Build.0 = Debug|Any CPU
		{5C013CA1-4A7C-4DA7-8DF5-92276029E6EE}.Release|Any CPU.ActiveCfg = Release|Any CPU
		{5C013CA1-4A7C-4DA7-8DF5-92276029E6EE}.Release|Any CPU.Build.0 = Release|Any CPU
		{0C0FAB48-4088-4A03-AF8B-CA29FBAD977E}.Debug|Any CPU.ActiveCfg = Debug|Any CPU
		{0C0FAB48-4088-4A03-AF8B-CA29FBAD977E}.Debug|Any CPU.Build.0 = Debug|Any CPU
		{0C0FAB48-4088-4A03-AF8B-CA29FBAD977E}.Release|Any CPU.ActiveCfg = Release|Any CPU
		{0C0FAB48-4088-4A03-AF8B-CA29FBAD977E}.Release|Any CPU.Build.0 = Release|Any CPU
		{4B043EC9-44F9-410A-AD16-1B54FC5B8EB6}.Debug|Any CPU.ActiveCfg = Debug|Any CPU
		{4B043EC9-44F9-410A-AD16-1B54FC5B8EB6}.Debug|Any CPU.Build.0 = Debug|Any CPU
		{4B043EC9-44F9-410A-AD16-1B54FC5B8EB6}.Release|Any CPU.ActiveCfg = Release|Any CPU
		{4B043EC9-44F9-410A-AD16-1B54FC5B8EB6}.Release|Any CPU.Build.0 = Release|Any CPU
		{E28FB0EB-D891-4DFE-BF9D-4B2AF0D6F667}.Debug|Any CPU.ActiveCfg = Debug|Any CPU
		{E28FB0EB-D891-4DFE-BF9D-4B2AF0D6F667}.Debug|Any CPU.Build.0 = Debug|Any CPU
		{E28FB0EB-D891-4DFE-BF9D-4B2AF0D6F667}.Release|Any CPU.ActiveCfg = Release|Any CPU
		{E28FB0EB-D891-4DFE-BF9D-4B2AF0D6F667}.Release|Any CPU.Build.0 = Release|Any CPU
		{C0F1F177-4257-43BA-BD55-D69E57098419}.Debug|Any CPU.ActiveCfg = Debug|Any CPU
		{C0F1F177-4257-43BA-BD55-D69E57098419}.Debug|Any CPU.Build.0 = Debug|Any CPU
		{C0F1F177-4257-43BA-BD55-D69E57098419}.Release|Any CPU.ActiveCfg = Release|Any CPU
		{C0F1F177-4257-43BA-BD55-D69E57098419}.Release|Any CPU.Build.0 = Release|Any CPU
		{2F574371-5460-4C15-AC5C-98B880B3679F}.Debug|Any CPU.ActiveCfg = Debug|Any CPU
		{2F574371-5460-4C15-AC5C-98B880B3679F}.Debug|Any CPU.Build.0 = Debug|Any CPU
		{2F574371-5460-4C15-AC5C-98B880B3679F}.Release|Any CPU.ActiveCfg = Release|Any CPU
		{2F574371-5460-4C15-AC5C-98B880B3679F}.Release|Any CPU.Build.0 = Release|Any CPU
		{2FE7B621-2252-41E2-967B-8A5F4BE5165F}.Debug|Any CPU.ActiveCfg = Debug|Any CPU
		{2FE7B621-2252-41E2-967B-8A5F4BE5165F}.Debug|Any CPU.Build.0 = Debug|Any CPU
		{2FE7B621-2252-41E2-967B-8A5F4BE5165F}.Release|Any CPU.ActiveCfg = Release|Any CPU
		{2FE7B621-2252-41E2-967B-8A5F4BE5165F}.Release|Any CPU.Build.0 = Release|Any CPU
		{7227CCD6-3DED-4FE8-B6F3-D104677E5025}.Debug|Any CPU.ActiveCfg = Debug|Any CPU
		{7227CCD6-3DED-4FE8-B6F3-D104677E5025}.Debug|Any CPU.Build.0 = Debug|Any CPU
		{7227CCD6-3DED-4FE8-B6F3-D104677E5025}.Release|Any CPU.ActiveCfg = Release|Any CPU
		{7227CCD6-3DED-4FE8-B6F3-D104677E5025}.Release|Any CPU.Build.0 = Release|Any CPU
	EndGlobalSection
	GlobalSection(SolutionProperties) = preSolution
		HideSolutionNode = FALSE
	EndGlobalSection
	GlobalSection(NestedProjects) = preSolution
		{58EB25AA-EB36-4DEC-8D7A-13FCB847574E} = {0C15C7AC-AE72-413A-BF84-88D94C4B1C1A}
		{B31D6282-3DC6-49C9-9619-87888CE13D0A} = {0C15C7AC-AE72-413A-BF84-88D94C4B1C1A}
		{D33FB506-65BF-4575-8C27-B67D57D98D70} = {0C15C7AC-AE72-413A-BF84-88D94C4B1C1A}
		{FBB52908-A00C-4B03-A98D-22844A332F4D} = {0C15C7AC-AE72-413A-BF84-88D94C4B1C1A}
		{48B5FCE2-9B12-4FB2-8772-3593FD4FC67D} = {0C15C7AC-AE72-413A-BF84-88D94C4B1C1A}
		{86D5EF82-26FC-4A04-8301-20D2331AB6EC} = {7DB494BF-0490-4A59-A7C0-70F309E78BBB}
		{014FD947-009B-4579-A491-203C9A481697} = {7DB494BF-0490-4A59-A7C0-70F309E78BBB}
		{C309F4DB-8D85-4D80-A7DF-D74CB7CDED4C} = {7DB494BF-0490-4A59-A7C0-70F309E78BBB}
		{0FE9612F-A239-4440-AF05-43D177470C37} = {7DB494BF-0490-4A59-A7C0-70F309E78BBB}
		{3E232185-C726-4998-8F38-B1AB8E54BCC4} = {7DB494BF-0490-4A59-A7C0-70F309E78BBB}
		{FBE49F71-EF71-48AB-AA95-671DAE241D9E} = {7DB494BF-0490-4A59-A7C0-70F309E78BBB}
		{5C013CA1-4A7C-4DA7-8DF5-92276029E6EE} = {32D38AF1-B637-4DC5-AA35-3200FAACD8C4}
		{0C0FAB48-4088-4A03-AF8B-CA29FBAD977E} = {32D38AF1-B637-4DC5-AA35-3200FAACD8C4}
		{4B043EC9-44F9-410A-AD16-1B54FC5B8EB6} = {32D38AF1-B637-4DC5-AA35-3200FAACD8C4}
		{E28FB0EB-D891-4DFE-BF9D-4B2AF0D6F667} = {32D38AF1-B637-4DC5-AA35-3200FAACD8C4}
		{C0F1F177-4257-43BA-BD55-D69E57098419} = {32D38AF1-B637-4DC5-AA35-3200FAACD8C4}
		{2F574371-5460-4C15-AC5C-98B880B3679F} = {32D38AF1-B637-4DC5-AA35-3200FAACD8C4}
		{2FE7B621-2252-41E2-967B-8A5F4BE5165F} = {32D38AF1-B637-4DC5-AA35-3200FAACD8C4}
		{7227CCD6-3DED-4FE8-B6F3-D104677E5025} = {21644E16-F8B8-45EB-84E0-29B40C5FE8D0}
	EndGlobalSection
	GlobalSection(ExtensibilityGlobals) = postSolution
		SolutionGuid = {A7951AE8-EC3F-42EA-89F9-A3FB7533B7BE}
	EndGlobalSection
EndGlobal
